
Microsoft Visual Studio Solution File, Format Version 12.00
# Visual Studio Version 16
VisualStudioVersion = 16.0.29324.140
MinimumVisualStudioVersion = 10.0.40219.1
Project("{FAE04EC0-301F-11D3-BF4B-00C04F79EFBC}") = "WebApplicationHW2", "WebApplicationHW2\WebApplicationHW2.csproj", "{C8CA4145-D412-4F7F-BC20-DA0C9DBB91CD}"
EndProject
Global
	GlobalSection(SolutionConfigurationPlatforms) = preSolution
		Debug|Any CPU = Debug|Any CPU
		Release|Any CPU = Release|Any CPU
	EndGlobalSection
	GlobalSection(ProjectConfigurationPlatforms) = postSolution
		{C8CA4145-D412-4F7F-BC20-DA0C9DBB91CD}.Debug|Any CPU.ActiveCfg = Debug|Any CPU
		{C8CA4145-D412-4F7F-BC20-DA0C9DBB91CD}.Debug|Any CPU.Build.0 = Debug|Any CPU
		{C8CA4145-D412-4F7F-BC20-DA0C9DBB91CD}.Release|Any CPU.ActiveCfg = Release|Any CPU
		{C8CA4145-D412-4F7F-BC20-DA0C9DBB91CD}.Release|Any CPU.Build.0 = Release|Any CPU
	EndGlobalSection
	GlobalSection(SolutionProperties) = preSolution
		HideSolutionNode = FALSE
	EndGlobalSection
	GlobalSection(ExtensibilityGlobals) = postSolution
		SolutionGuid = {F1963B4D-DDF6-45E7-9865-5558B8588414}
	EndGlobalSection
EndGlobal
